
Microsoft Visual Studio Solution File, Format Version 12.00
# Visual Studio Version 16
VisualStudioVersion = 16.0.29806.167
MinimumVisualStudioVersion = 10.0.40219.1
Project("{9A19103F-16F7-4668-BE54-9A1E7A4F7556}") = "OnlineShop", "OnlineShop.csproj", "{15F78447-E86D-4C45-B707-0A7EAFC0BD67}"
	ProjectSection(ProjectDependencies) = postProject
		{88AEED36-3F12-4070-96FE-CFB1F7A76846} = {88AEED36-3F12-4070-96FE-CFB1F7A76846}
		{34E04068-8544-466C-9A99-2DBBC1CDFAB2} = {34E04068-8544-466C-9A99-2DBBC1CDFAB2}
	EndProjectSection
EndProject
Project("{9A19103F-16F7-4668-BE54-9A1E7A4F7556}") = "BarberShop.Domain", "..\DataBaseAanmaak\BarberShop.Domain.csproj", "{34E04068-8544-466C-9A99-2DBBC1CDFAB2}"
EndProject
Project("{9A19103F-16F7-4668-BE54-9A1E7A4F7556}") = "BarberShop.Data", "..\BarberShop.Data\BarberShop.Data.csproj", "{88AEED36-3F12-4070-96FE-CFB1F7A76846}"
EndProject
Project("{FAE04EC0-301F-11D3-BF4B-00C04F79EFBC}") = "Backup", "..\Backup\Backup.csproj", "{20169CED-1CEE-4BC2-8DEA-2B45571C9506}"
EndProject
Global
	GlobalSection(SolutionConfigurationPlatforms) = preSolution
		Debug|Any CPU = Debug|Any CPU
		Release|Any CPU = Release|Any CPU
	EndGlobalSection
	GlobalSection(ProjectConfigurationPlatforms) = postSolution
		{15F78447-E86D-4C45-B707-0A7EAFC0BD67}.Debug|Any CPU.ActiveCfg = Debug|Any CPU
		{15F78447-E86D-4C45-B707-0A7EAFC0BD67}.Debug|Any CPU.Build.0 = Debug|Any CPU
		{15F78447-E86D-4C45-B707-0A7EAFC0BD67}.Release|Any CPU.ActiveCfg = Release|Any CPU
		{15F78447-E86D-4C45-B707-0A7EAFC0BD67}.Release|Any CPU.Build.0 = Release|Any CPU
		{34E04068-8544-466C-9A99-2DBBC1CDFAB2}.Debug|Any CPU.ActiveCfg = Debug|Any CPU
		{34E04068-8544-466C-9A99-2DBBC1CDFAB2}.Debug|Any CPU.Build.0 = Debug|Any CPU
		{34E04068-8544-466C-9A99-2DBBC1CDFAB2}.Release|Any CPU.ActiveCfg = Release|Any CPU
		{34E04068-8544-466C-9A99-2DBBC1CDFAB2}.Release|Any CPU.Build.0 = Release|Any CPU
		{88AEED36-3F12-4070-96FE-CFB1F7A76846}.Debug|Any CPU.ActiveCfg = Debug|Any CPU
		{88AEED36-3F12-4070-96FE-CFB1F7A76846}.Debug|Any CPU.Build.0 = Debug|Any CPU
		{88AEED36-3F12-4070-96FE-CFB1F7A76846}.Release|Any CPU.ActiveCfg = Release|Any CPU
		{88AEED36-3F12-4070-96FE-CFB1F7A76846}.Release|Any CPU.Build.0 = Release|Any CPU
		{20169CED-1CEE-4BC2-8DEA-2B45571C9506}.Debug|Any CPU.ActiveCfg = Debug|Any CPU
		{20169CED-1CEE-4BC2-8DEA-2B45571C9506}.Debug|Any CPU.Build.0 = Debug|Any CPU
		{20169CED-1CEE-4BC2-8DEA-2B45571C9506}.Release|Any CPU.ActiveCfg = Release|Any CPU
		{20169CED-1CEE-4BC2-8DEA-2B45571C9506}.Release|Any CPU.Build.0 = Release|Any CPU
	EndGlobalSection
	GlobalSection(SolutionProperties) = preSolution
		HideSolutionNode = FALSE
	EndGlobalSection
	GlobalSection(ExtensibilityGlobals) = postSolution
		SolutionGuid = {72249890-374B-4DBB-B624-3BB060924C5A}
	EndGlobalSection
EndGlobal
